Microsoft Visual Studio Solution File, Format Version 12.00
# Visual Studio Version 17
VisualStudioVersion = 17.5.2.0
MinimumVisualStudioVersion = 10.0.40219.1
Project("{2150E333-8FDC-42A3-9474-1A3956D46DE8}") = "src", "src", "{827E0CD3-B72D-47B6-A68D-7590B98EB39B}"
EndProject
Project("{2150E333-8FDC-42A3-9474-1A3956D46DE8}") = "test", "test", "{0C88DD14-F956-CE84-757C-A364CCF449FC}"
EndProject
Project("{FAE04EC0-301F-11D3-BF4B-00C04F79EFBC}") = "Db", "src\Db\Db.csproj", "{B4C1EC55-87EF-52EE-31A9-0A6776375C70}"
EndProject
Project("{FAE04EC0-301F-11D3-BF4B-00C04F79EFBC}") = "BooksModule", "src\BooksModule\BooksModule.csproj", "{842696F1-509B-31A8-65A2-D74FD0CAAA58}"
EndProject
Project("{FAE04EC0-301F-11D3-BF4B-00C04F79EFBC}") = "Api", "src\Api\Api.csproj", "{CBAFC0F9-5B69-AE5B-776E-B650E010DF04}"
EndProject
Project("{FAE04EC0-301F-11D3-BF4B-00C04F79EFBC}") = "Core", "src\Core\Core.csproj", "{4114E4DC-A6BD-9F5D-EC82-1C3B16F50727}"
EndProject
Project("{FAE04EC0-301F-11D3-BF4B-00C04F79EFBC}") = "Api.UnitTests", "test\Api.UnitTests\Api.UnitTests.csproj", "{91F2EC8A-FEBF-8601-EF98-CA154550BCB4}"
EndProject
Project("{FAE04EC0-301F-11D3-BF4B-00C04F79EFBC}") = "Core.UnitTests", "test\Core.UnitTests\Core.UnitTests.csproj", "{B465FD2F-ADC2-534F-4604-6FE1E187844F}"
EndProject
Project("{FAE04EC0-301F-11D3-BF4B-00C04F79EFBC}") = "ArchitecturalTests", "test\ArchitecturalTests\ArchitecturalTests.csproj", "{2FF5FF24-1051-3894-FBB2-18B915F65478}"
EndProject
Project("{FAE04EC0-301F-11D3-BF4B-00C04F79EFBC}") = "BooksModule.IntegrationTests", "test\BooksModule.IntegrationTests\BooksModule.IntegrationTests.csproj", "{62A80CE2-B00C-FD54-DB13-D4D507E05BB9}"
EndProject
Project("{FAE04EC0-301F-11D3-BF4B-00C04F79EFBC}") = "Api.IntegrationTests", "test\Api.IntegrationTests\Api.IntegrationTests.csproj", "{03333259-47F1-4430-9200-9628435D0F91}"
EndProject
Global
	GlobalSection(SolutionConfigurationPlatforms) = preSolution
		Debug|Any CPU = Debug|Any CPU
		Release|Any CPU = Release|Any CPU
	EndGlobalSection
	GlobalSection(ProjectConfigurationPlatforms) = postSolution
		{B4C1EC55-87EF-52EE-31A9-0A6776375C70}.Debug|Any CPU.ActiveCfg = Debug|Any CPU
		{B4C1EC55-87EF-52EE-31A9-0A6776375C70}.Debug|Any CPU.Build.0 = Debug|Any CPU
		{B4C1EC55-87EF-52EE-31A9-0A6776375C70}.Release|Any CPU.ActiveCfg = Release|Any CPU
		{B4C1EC55-87EF-52EE-31A9-0A6776375C70}.Release|Any CPU.Build.0 = Release|Any CPU
		{842696F1-509B-31A8-65A2-D74FD0CAAA58}.Debug|Any CPU.ActiveCfg = Debug|Any CPU
		{842696F1-509B-31A8-65A2-D74FD0CAAA58}.Debug|Any CPU.Build.0 = Debug|Any CPU
		{842696F1-509B-31A8-65A2-D74FD0CAAA58}.Release|Any CPU.ActiveCfg = Release|Any CPU
		{842696F1-509B-31A8-65A2-D74FD0CAAA58}.Release|Any CPU.Build.0 = Release|Any CPU
		{CBAFC0F9-5B69-AE5B-776E-B650E010DF04}.Debug|Any CPU.ActiveCfg = Debug|Any CPU
		{CBAFC0F9-5B69-AE5B-776E-B650E010DF04}.Debug|Any CPU.Build.0 = Debug|Any CPU
		{CBAFC0F9-5B69-AE5B-776E-B650E010DF04}.Release|Any CPU.ActiveCfg = Release|Any CPU
		{CBAFC0F9-5B69-AE5B-776E-B650E010DF04}.Release|Any CPU.Build.0 = Release|Any CPU
		{4114E4DC-A6BD-9F5D-EC82-1C3B16F50727}.Debug|Any CPU.ActiveCfg = Debug|Any CPU
		{4114E4DC-A6BD-9F5D-EC82-1C3B16F50727}.Debug|Any CPU.Build.0 = Debug|Any CPU
		{4114E4DC-A6BD-9F5D-EC82-1C3B16F50727}.Release|Any CPU.ActiveCfg = Release|Any CPU
		{4114E4DC-A6BD-9F5D-EC82-1C3B16F50727}.Release|Any CPU.Build.0 = Release|Any CPU
		{91F2EC8A-FEBF-8601-EF98-CA154550BCB4}.Debug|Any CPU.ActiveCfg = Debug|Any CPU
		{91F2EC8A-FEBF-8601-EF98-CA154550BCB4}.Debug|Any CPU.Build.0 = Debug|Any CPU
		{91F2EC8A-FEBF-8601-EF98-CA154550BCB4}.Release|Any CPU.ActiveCfg = Release|Any CPU
		{91F2EC8A-FEBF-8601-EF98-CA154550BCB4}.Release|Any CPU.Build.0 = Release|Any CPU
		{B465FD2F-ADC2-534F-4604-6FE1E187844F}.Debug|Any CPU.ActiveCfg = Debug|Any CPU
		{B465FD2F-ADC2-534F-4604-6FE1E187844F}.Debug|Any CPU.Build.0 = Debug|Any CPU
		{B465FD2F-ADC2-534F-4604-6FE1E187844F}.Release|Any CPU.ActiveCfg = Release|Any CPU
		{B465FD2F-ADC2-534F-4604-6FE1E187844F}.Release|Any CPU.Build.0 = Release|Any CPU
		{2FF5FF24-1051-3894-FBB2-18B915F65478}.Debug|Any CPU.ActiveCfg = Debug|Any CPU
		{2FF5FF24-1051-3894-FBB2-18B915F65478}.Debug|Any CPU.Build.0 = Debug|Any CPU
		{2FF5FF24-1051-3894-FBB2-18B915F65478}.Release|Any CPU.ActiveCfg = Release|Any CPU
		{2FF5FF24-1051-3894-FBB2-18B915F65478}.Release|Any CPU.Build.0 = Release|Any CPU
		{62A80CE2-B00C-FD54-DB13-D4D507E05BB9}.Debug|Any CPU.ActiveCfg = Debug|Any CPU
		{62A80CE2-B00C-FD54-DB13-D4D507E05BB9}.Debug|Any CPU.Build.0 = Debug|Any CPU
		{62A80CE2-B00C-FD54-DB13-D4D507E05BB9}.Release|Any CPU.ActiveCfg = Release|Any CPU
		{62A80CE2-B00C-FD54-DB13-D4D507E05BB9}.Release|Any CPU.Build.0 = Release|Any CPU
		{03333259-47F1-4430-9200-9628435D0F91}.Debug|Any CPU.ActiveCfg = Debug|Any CPU
		{03333259-47F1-4430-9200-9628435D0F91}.Debug|Any CPU.Build.0 = Debug|Any CPU
		{03333259-47F1-4430-9200-9628435D0F91}.Release|Any CPU.ActiveCfg = Release|Any CPU
		{03333259-47F1-4430-9200-9628435D0F91}.Release|Any CPU.Build.0 = Release|Any CPU
	EndGlobalSection
	GlobalSection(SolutionProperties) = preSolution
		HideSolutionNode = FALSE
	EndGlobalSection
	GlobalSection(NestedProjects) = preSolution
		{B4C1EC55-87EF-52EE-31A9-0A6776375C70} = {827E0CD3-B72D-47B6-A68D-7590B98EB39B}
		{842696F1-509B-31A8-65A2-D74FD0CAAA58} = {827E0CD3-B72D-47B6-A68D-7590B98EB39B}
		{CBAFC0F9-5B69-AE5B-776E-B650E010DF04} = {827E0CD3-B72D-47B6-A68D-7590B98EB39B}
		{4114E4DC-A6BD-9F5D-EC82-1C3B16F50727} = {827E0CD3-B72D-47B6-A68D-7590B98EB39B}
		{91F2EC8A-FEBF-8601-EF98-CA154550BCB4} = {0C88DD14-F956-CE84-757C-A364CCF449FC}
		{B465FD2F-ADC2-534F-4604-6FE1E187844F} = {0C88DD14-F956-CE84-757C-A364CCF449FC}
		{2FF5FF24-1051-3894-FBB2-18B915F65478} = {0C88DD14-F956-CE84-757C-A364CCF449FC}
		{62A80CE2-B00C-FD54-DB13-D4D507E05BB9} = {0C88DD14-F956-CE84-757C-A364CCF449FC}
		{03333259-47F1-4430-9200-9628435D0F91} = {0C88DD14-F956-CE84-757C-A364CCF449FC}
	EndGlobalSection
	GlobalSection(ExtensibilityGlobals) = postSolution
		SolutionGuid = {9B016782-CD18-49D5-8BCC-E8CC7A15ED2A}
	EndGlobalSection
EndGlobal
